
Microsoft Visual Studio Solution File, Format Version 12.00
# Visual Studio Version 16
VisualStudioVersion = 16.0.30907.101
MinimumVisualStudioVersion = 10.0.40219.1
Project("{9A19103F-16F7-4668-BE54-9A1E7A4F7556}") = "BotServer", "Server\BotServer.csproj", "{69BAD972-CA93-413D-9AEF-E3D9BE4EF5FF}"
EndProject
Project("{9A19103F-16F7-4668-BE54-9A1E7A4F7556}") = "Client", "Client\Client.csproj", "{5377267E-98CB-46C9-8E1A-98A1972A1C78}"
EndProject
Project("{FAE04EC0-301F-11D3-BF4B-00C04F79EFBC}") = "TournamentBackend", "TournamentBackend\TournamentBackend.csproj", "{79CAAC5D-3C96-450D-B6E6-1380F800227A}"
EndProject
Project("{FAE04EC0-301F-11D3-BF4B-00C04F79EFBC}") = "ClientSimulator", "ClientSimulator\ClientSimulator.csproj", "{7065AC0E-4B78-42DB-A409-3AA5A013539B}"
EndProject
Global
	GlobalSection(SolutionConfigurationPlatforms) = preSolution
		Debug|Any CPU = Debug|Any CPU
		Release|Any CPU = Release|Any CPU
	EndGlobalSection
	GlobalSection(ProjectConfigurationPlatforms) = postSolution
		{69BAD972-CA93-413D-9AEF-E3D9BE4EF5FF}.Debug|Any CPU.ActiveCfg = Debug|Any CPU
		{69BAD972-CA93-413D-9AEF-E3D9BE4EF5FF}.Debug|Any CPU.Build.0 = Debug|Any CPU
		{69BAD972-CA93-413D-9AEF-E3D9BE4EF5FF}.Release|Any CPU.ActiveCfg = Release|Any CPU
		{69BAD972-CA93-413D-9AEF-E3D9BE4EF5FF}.Release|Any CPU.Build.0 = Release|Any CPU
		{5377267E-98CB-46C9-8E1A-98A1972A1C78}.Debug|Any CPU.ActiveCfg = Debug|Any CPU
		{5377267E-98CB-46C9-8E1A-98A1972A1C78}.Debug|Any CPU.Build.0 = Debug|Any CPU
		{5377267E-98CB-46C9-8E1A-98A1972A1C78}.Release|Any CPU.ActiveCfg = Release|Any CPU
		{5377267E-98CB-46C9-8E1A-98A1972A1C78}.Release|Any CPU.Build.0 = Release|Any CPU
		{79CAAC5D-3C96-450D-B6E6-1380F800227A}.Debug|Any CPU.ActiveCfg = Debug|Any CPU
		{79CAAC5D-3C96-450D-B6E6-1380F800227A}.Debug|Any CPU.Build.0 = Debug|Any CPU
		{79CAAC5D-3C96-450D-B6E6-1380F800227A}.Release|Any CPU.ActiveCfg = Release|Any CPU
		{79CAAC5D-3C96-450D-B6E6-1380F800227A}.Release|Any CPU.Build.0 = Release|Any CPU
		{7065AC0E-4B78-42DB-A409-3AA5A013539B}.Debug|Any CPU.ActiveCfg = Debug|Any CPU
		{7065AC0E-4B78-42DB-A409-3AA5A013539B}.Debug|Any CPU.Build.0 = Debug|Any CPU
		{7065AC0E-4B78-42DB-A409-3AA5A013539B}.Release|Any CPU.ActiveCfg = Release|Any CPU
		{7065AC0E-4B78-42DB-A409-3AA5A013539B}.Release|Any CPU.Build.0 = Release|Any CPU
	EndGlobalSection
	GlobalSection(SolutionProperties) = preSolution
		HideSolutionNode = FALSE
	EndGlobalSection
	GlobalSection(ExtensibilityGlobals) = postSolution
		SolutionGuid = {D96D01EB-AFDA-4719-A7E5-320A20D5F62F}
	EndGlobalSection
EndGlobal
